# This file is automatically @generated by Cargo.
# It is not intended for manual editing.
version = 3

[[package]]
name = "area_calc"
version = "0.1.0"

[[package]]
name = "common"
version = "0.1.0"

[[package]]
name = "integral_eq"
version = "0.1.0"
dependencies = [
 "common",
]

[[package]]
name = "mathparse"
version = "0.1.0"

[[package]]
name = "min_find"
version = "0.1.0"
dependencies = [
 "common",
]

[[package]]
name = "sandbox"
version = "0.1.0"

[[package]]
name = "spline"
version = "0.1.0"
dependencies = [
 "common",
]
